
Microsoft Visual Studio Solution File, Format Version 12.00
# Visual Studio Version 16
VisualStudioVersion = 16.0.31005.135
MinimumVisualStudioVersion = 10.0.40219.1
Project("{FAE04EC0-301F-11D3-BF4B-00C04F79EFBC}") = "Business", "Business\Business.csproj", "{634BF2C4-9B32-4EFE-8C69-E009C5D5AF4C}"
EndProject
Project("{FAE04EC0-301F-11D3-BF4B-00C04F79EFBC}") = "DataAccess", "DataAccess\DataAccess.csproj", "{90D49635-7251-4657-B8EA-E074774BC81C}"
EndProject
Project("{FAE04EC0-301F-11D3-BF4B-00C04F79EFBC}") = "Entities", "Entities\Entities.csproj", "{B8A2A71E-8CAA-458B-91B2-2A07A5935C5C}"
EndProject
Project("{FAE04EC0-301F-11D3-BF4B-00C04F79EFBC}") = "ConsoleUI", "ConsoleUI\ConsoleUI.csproj", "{8843DE90-71FE-4C66-966D-655BCA7FC64A}"
EndProject
Global
	GlobalSection(SolutionConfigurationPlatforms) = preSolution
		Debug|Any CPU = Debug|Any CPU
		Release|Any CPU = Release|Any CPU
	EndGlobalSection
	GlobalSection(ProjectConfigurationPlatforms) = postSolution
		{634BF2C4-9B32-4EFE-8C69-E009C5D5AF4C}.Debug|Any CPU.ActiveCfg = Debug|Any CPU
		{634BF2C4-9B32-4EFE-8C69-E009C5D5AF4C}.Debug|Any CPU.Build.0 = Debug|Any CPU
		{634BF2C4-9B32-4EFE-8C69-E009C5D5AF4C}.Release|Any CPU.ActiveCfg = Release|Any CPU
		{634BF2C4-9B32-4EFE-8C69-E009C5D5AF4C}.Release|Any CPU.Build.0 = Release|Any CPU
		{90D49635-7251-4657-B8EA-E074774BC81C}.Debug|Any CPU.ActiveCfg = Debug|Any CPU
		{90D49635-7251-4657-B8EA-E074774BC81C}.Debug|Any CPU.Build.0 = Debug|Any CPU
		{90D49635-7251-4657-B8EA-E074774BC81C}.Release|Any CPU.ActiveCfg = Release|Any CPU
		{90D49635-7251-4657-B8EA-E074774BC81C}.Release|Any CPU.Build.0 = Release|Any CPU
		{B8A2A71E-8CAA-458B-91B2-2A07A5935C5C}.Debug|Any CPU.ActiveCfg = Debug|Any CPU
		{B8A2A71E-8CAA-458B-91B2-2A07A5935C5C}.Debug|Any CPU.Build.0 = Debug|Any CPU
		{B8A2A71E-8CAA-458B-91B2-2A07A5935C5C}.Release|Any CPU.ActiveCfg = Release|Any CPU
		{B8A2A71E-8CAA-458B-91B2-2A07A5935C5C}.Release|Any CPU.Build.0 = Release|Any CPU
		{8843DE90-71FE-4C66-966D-655BCA7FC64A}.Debug|Any CPU.ActiveCfg = Debug|Any CPU
		{8843DE90-71FE-4C66-966D-655BCA7FC64A}.Debug|Any CPU.Build.0 = Debug|Any CPU
		{8843DE90-71FE-4C66-966D-655BCA7FC64A}.Release|Any CPU.ActiveCfg = Release|Any CPU
		{8843DE90-71FE-4C66-966D-655BCA7FC64A}.Release|Any CPU.Build.0 = Release|Any CPU
	EndGlobalSection
	GlobalSection(SolutionProperties) = preSolution
		HideSolutionNode = FALSE
	EndGlobalSection
	GlobalSection(ExtensibilityGlobals) = postSolution
		SolutionGuid = {BCE497E3-203C-41FD-903D-02E33527F5A9}
	EndGlobalSection
EndGlobal
