
Microsoft Visual Studio Solution File, Format Version 12.00
# Visual Studio Version 16
VisualStudioVersion = 16.0.31112.23
MinimumVisualStudioVersion = 10.0.40219.1
Project("{9A19103F-16F7-4668-BE54-9A1E7A4F7556}") = "Business", "Business\Business.csproj", "{DF280350-EF23-4D08-9935-8331DA9F2AC8}"
EndProject
Project("{9A19103F-16F7-4668-BE54-9A1E7A4F7556}") = "DataAccess", "DataAccess\DataAccess.csproj", "{CC41A61C-68E3-424D-AA77-721CA7342D3E}"
EndProject
Project("{9A19103F-16F7-4668-BE54-9A1E7A4F7556}") = "Entities", "Entities\Entities.csproj", "{D6A8931B-C275-4D60-95A9-DE26BF185C62}"
EndProject
Project("{9A19103F-16F7-4668-BE54-9A1E7A4F7556}") = "ConsoleUI", "ConsoleUI\ConsoleUI.csproj", "{7C7B6A15-4D26-427B-9DD0-EE281844C6D2}"
EndProject
Project("{9A19103F-16F7-4668-BE54-9A1E7A4F7556}") = "Core", "..\MyFinalProject\Core\Core.csproj", "{315F351F-D8F1-443E-B513-72717A451C3D}"
EndProject
Global
	GlobalSection(SolutionConfigurationPlatforms) = preSolution
		Debug|Any CPU = Debug|Any CPU
		Release|Any CPU = Release|Any CPU
	EndGlobalSection
	GlobalSection(ProjectConfigurationPlatforms) = postSolution
		{DF280350-EF23-4D08-9935-8331DA9F2AC8}.Debug|Any CPU.ActiveCfg = Debug|Any CPU
		{DF280350-EF23-4D08-9935-8331DA9F2AC8}.Debug|Any CPU.Build.0 = Debug|Any CPU
		{DF280350-EF23-4D08-9935-8331DA9F2AC8}.Release|Any CPU.ActiveCfg = Release|Any CPU
		{DF280350-EF23-4D08-9935-8331DA9F2AC8}.Release|Any CPU.Build.0 = Release|Any CPU
		{CC41A61C-68E3-424D-AA77-721CA7342D3E}.Debug|Any CPU.ActiveCfg = Debug|Any CPU
		{CC41A61C-68E3-424D-AA77-721CA7342D3E}.Debug|Any CPU.Build.0 = Debug|Any CPU
		{CC41A61C-68E3-424D-AA77-721CA7342D3E}.Release|Any CPU.ActiveCfg = Release|Any CPU
		{CC41A61C-68E3-424D-AA77-721CA7342D3E}.Release|Any CPU.Build.0 = Release|Any CPU
		{D6A8931B-C275-4D60-95A9-DE26BF185C62}.Debug|Any CPU.ActiveCfg = Debug|Any CPU
		{D6A8931B-C275-4D60-95A9-DE26BF185C62}.Debug|Any CPU.Build.0 = Debug|Any CPU
		{D6A8931B-C275-4D60-95A9-DE26BF185C62}.Release|Any CPU.ActiveCfg = Release|Any CPU
		{D6A8931B-C275-4D60-95A9-DE26BF185C62}.Release|Any CPU.Build.0 = Release|Any CPU
		{7C7B6A15-4D26-427B-9DD0-EE281844C6D2}.Debug|Any CPU.ActiveCfg = Debug|Any CPU
		{7C7B6A15-4D26-427B-9DD0-EE281844C6D2}.Debug|Any CPU.Build.0 = Debug|Any CPU
		{7C7B6A15-4D26-427B-9DD0-EE281844C6D2}.Release|Any CPU.ActiveCfg = Release|Any CPU
		{7C7B6A15-4D26-427B-9DD0-EE281844C6D2}.Release|Any CPU.Build.0 = Release|Any CPU
		{315F351F-D8F1-443E-B513-72717A451C3D}.Debug|Any CPU.ActiveCfg = Debug|Any CPU
		{315F351F-D8F1-443E-B513-72717A451C3D}.Debug|Any CPU.Build.0 = Debug|Any CPU
		{315F351F-D8F1-443E-B513-72717A451C3D}.Release|Any CPU.ActiveCfg = Release|Any CPU
		{315F351F-D8F1-443E-B513-72717A451C3D}.Release|Any CPU.Build.0 = Release|Any CPU
	EndGlobalSection
	GlobalSection(SolutionProperties) = preSolution
		HideSolutionNode = FALSE
	EndGlobalSection
	GlobalSection(ExtensibilityGlobals) = postSolution
		SolutionGuid = {1FFA4975-179B-4F8C-9C5E-553D7B0BB2BD}
	EndGlobalSection
EndGlobal
