
Microsoft Visual Studio Solution File, Format Version 12.00
# Visual Studio Version 16
VisualStudioVersion = 16.0.31005.135
MinimumVisualStudioVersion = 10.0.40219.1
Project("{FAE04EC0-301F-11D3-BF4B-00C04F79EFBC}") = "DataAccess", "DataAccess\DataAccess.csproj", "{01FFB7FB-FFD3-44AA-ABDF-87A19E1E8E48}"
EndProject
Project("{FAE04EC0-301F-11D3-BF4B-00C04F79EFBC}") = "Business", "Business\Business.csproj", "{F1A2F12A-F57A-492D-91FE-6280734F4DCC}"
EndProject
Project("{FAE04EC0-301F-11D3-BF4B-00C04F79EFBC}") = "Entities", "Entities\Entities.csproj", "{0DB3A301-9A9D-4E22-B4C4-D999C064A585}"
EndProject
Project("{FAE04EC0-301F-11D3-BF4B-00C04F79EFBC}") = "ConsoleUI", "ConsoleUI\ConsoleUI.csproj", "{73EAC7FD-D060-4D19-B9DB-8027D68D9F29}"
EndProject
Global
	GlobalSection(SolutionConfigurationPlatforms) = preSolution
		Debug|Any CPU = Debug|Any CPU
		Release|Any CPU = Release|Any CPU
	EndGlobalSection
	GlobalSection(ProjectConfigurationPlatforms) = postSolution
		{01FFB7FB-FFD3-44AA-ABDF-87A19E1E8E48}.Debug|Any CPU.ActiveCfg = Debug|Any CPU
		{01FFB7FB-FFD3-44AA-ABDF-87A19E1E8E48}.Debug|Any CPU.Build.0 = Debug|Any CPU
		{01FFB7FB-FFD3-44AA-ABDF-87A19E1E8E48}.Release|Any CPU.ActiveCfg = Release|Any CPU
		{01FFB7FB-FFD3-44AA-ABDF-87A19E1E8E48}.Release|Any CPU.Build.0 = Release|Any CPU
		{F1A2F12A-F57A-492D-91FE-6280734F4DCC}.Debug|Any CPU.ActiveCfg = Debug|Any CPU
		{F1A2F12A-F57A-492D-91FE-6280734F4DCC}.Debug|Any CPU.Build.0 = Debug|Any CPU
		{F1A2F12A-F57A-492D-91FE-6280734F4DCC}.Release|Any CPU.ActiveCfg = Release|Any CPU
		{F1A2F12A-F57A-492D-91FE-6280734F4DCC}.Release|Any CPU.Build.0 = Release|Any CPU
		{0DB3A301-9A9D-4E22-B4C4-D999C064A585}.Debug|Any CPU.ActiveCfg = Debug|Any CPU
		{0DB3A301-9A9D-4E22-B4C4-D999C064A585}.Debug|Any CPU.Build.0 = Debug|Any CPU
		{0DB3A301-9A9D-4E22-B4C4-D999C064A585}.Release|Any CPU.ActiveCfg = Release|Any CPU
		{0DB3A301-9A9D-4E22-B4C4-D999C064A585}.Release|Any CPU.Build.0 = Release|Any CPU
		{73EAC7FD-D060-4D19-B9DB-8027D68D9F29}.Debug|Any CPU.ActiveCfg = Debug|Any CPU
		{73EAC7FD-D060-4D19-B9DB-8027D68D9F29}.Debug|Any CPU.Build.0 = Debug|Any CPU
		{73EAC7FD-D060-4D19-B9DB-8027D68D9F29}.Release|Any CPU.ActiveCfg = Release|Any CPU
		{73EAC7FD-D060-4D19-B9DB-8027D68D9F29}.Release|Any CPU.Build.0 = Release|Any CPU
	EndGlobalSection
	GlobalSection(SolutionProperties) = preSolution
		HideSolutionNode = FALSE
	EndGlobalSection
	GlobalSection(ExtensibilityGlobals) = postSolution
		SolutionGuid = {36EF9F63-1FD5-4C25-A94A-121DC3492F27}
	EndGlobalSection
EndGlobal
