
Microsoft Visual Studio Solution File, Format Version 12.00
# Visual Studio Version 16
VisualStudioVersion = 16.0.30907.101
MinimumVisualStudioVersion = 10.0.40219.1
Project("{9A19103F-16F7-4668-BE54-9A1E7A4F7556}") = "1-KampIntro", "1-KampIntro\1-KampIntro.csproj", "{22254BB2-F9EC-44EA-8CB0-7035138F879B}"
EndProject
Project("{9A19103F-16F7-4668-BE54-9A1E7A4F7556}") = "2-Donguler", "2-Donguler\2-Donguler.csproj", "{E835D2C8-57B9-4036-8532-AF2645377ACF}"
EndProject
Project("{9A19103F-16F7-4668-BE54-9A1E7A4F7556}") = "3-ClassIntro", "3-ClassIntro\3-ClassIntro.csproj", "{C0C5CE94-56D5-4BC9-8483-A4A7B4E76E5C}"
EndProject
Project("{9A19103F-16F7-4668-BE54-9A1E7A4F7556}") = "4-TernanyOperator", "4-TernanyOperator\4-TernanyOperator.csproj", "{BD4A96CA-7D51-43A3-BA54-7B6A5C0F7CAD}"
EndProject
Project("{9A19103F-16F7-4668-BE54-9A1E7A4F7556}") = "5-SwitchCase", "5-SwitchCase\5-SwitchCase.csproj", "{318548A4-16D9-4A7A-9713-A8AE74A44709}"
EndProject
Project("{9A19103F-16F7-4668-BE54-9A1E7A4F7556}") = "6-WhileLoop", "6-WhileLoop\6-WhileLoop.csproj", "{1CFE7309-4CA5-4132-800E-B8E2DEA8125A}"
EndProject
Project("{9A19103F-16F7-4668-BE54-9A1E7A4F7556}") = "7-Metotlar", "7-Metotlar\7-Metotlar.csproj", "{0655DBD0-C0FB-4574-953A-49037D810B63}"
EndProject
Project("{9A19103F-16F7-4668-BE54-9A1E7A4F7556}") = "8-Matematik", "8-Matematik\8-Matematik.csproj", "{AE0D6DA5-37F3-409C-8099-2F3FC0830FD9}"
EndProject
Project("{9A19103F-16F7-4668-BE54-9A1E7A4F7556}") = "9-DegerVeReferansTipler", "9-DegerVeReferansTipler\9-DegerVeReferansTipler.csproj", "{625C542A-A644-434E-B6E9-DCA6B377BE0E}"
EndProject
Project("{9A19103F-16F7-4668-BE54-9A1E7A4F7556}") = "10-Methods", "10-Methods\10-Methods.csproj", "{C12CE625-2CF5-467B-B93C-66EF94D78322}"
EndProject
Project("{9A19103F-16F7-4668-BE54-9A1E7A4F7556}") = "11-Arrays", "11-Arrays\11-Arrays.csproj", "{2E0072B7-551D-48DF-8963-11DDA9586FFE}"
EndProject
Project("{9A19103F-16F7-4668-BE54-9A1E7A4F7556}") = "12-ClassMethodDemo", "12-ClassMethodDemo\12-ClassMethodDemo.csproj", "{ACAB7D3D-E4B5-44F9-B88D-6237312DF16B}"
EndProject
Project("{9A19103F-16F7-4668-BE54-9A1E7A4F7556}") = "13-OOP1", "13-OOP1\13-OOP1.csproj", "{73A1D245-ED01-4D6F-84C3-B626970B9A66}"
EndProject
Project("{9A19103F-16F7-4668-BE54-9A1E7A4F7556}") = "14-Collections", "14-Collections\14-Collections.csproj", "{9F9F97A5-0CF5-4FAF-B80A-F30056A38A0D}"
EndProject
Project("{9A19103F-16F7-4668-BE54-9A1E7A4F7556}") = "15-GenericsIntro", "15-GenericsIntro\15-GenericsIntro.csproj", "{14D8DDB4-5EE5-4F9B-A5B8-8E63A8E15C3A}"
EndProject
Project("{9A19103F-16F7-4668-BE54-9A1E7A4F7556}") = "16-ReferenceTypes", "16-ReferenceTypes\16-ReferenceTypes.csproj", "{084D96EA-E244-458C-91FE-E6876E7DBA5A}"
EndProject
Project("{9A19103F-16F7-4668-BE54-9A1E7A4F7556}") = "17-Constructors", "17-Constructors\17-Constructors.csproj", "{A76F9B6B-E618-4305-9880-F305CCD8CDA3}"
EndProject
Project("{9A19103F-16F7-4668-BE54-9A1E7A4F7556}") = "18-Generics", "18-Generics\18-Generics.csproj", "{0D607E25-6A5B-4941-B9E6-4BCDE1555F9A}"
EndProject
Project("{9A19103F-16F7-4668-BE54-9A1E7A4F7556}") = "19-Dictionary", "19-Dictionary\19-Dictionary.csproj", "{CC706107-C5E9-48F2-84E5-B6D6DCCABC1A}"
EndProject
Project("{9A19103F-16F7-4668-BE54-9A1E7A4F7556}") = "20-MyDictionary", "20-MyDictionary\20-MyDictionary.csproj", "{6F69C860-3583-4F03-BA2E-A675924E74CC}"
EndProject
Project("{9A19103F-16F7-4668-BE54-9A1E7A4F7556}") = "21-OOP2", "21-OOP2\21-OOP2.csproj", "{8E99AC57-9630-4CCE-BC7B-48F7D0F80168}"
EndProject
Project("{9A19103F-16F7-4668-BE54-9A1E7A4F7556}") = "22-OOP3", "22-OOP3\22-OOP3.csproj", "{2C5C8886-D248-4F1D-807E-F0740885FB56}"
EndProject
Project("{9A19103F-16F7-4668-BE54-9A1E7A4F7556}") = "23-Classes", "23-Classes\23-Classes.csproj", "{FB8D01E2-23FA-4B44-926E-FBA18FC96B71}"
EndProject
Project("{FAE04EC0-301F-11D3-BF4B-00C04F79EFBC}") = "24-RecapDemo", "24-RecapDemo\24-RecapDemo.csproj", "{28AFE31E-CCA5-4DB6-A060-568CD48A3BB7}"
EndProject
Project("{9A19103F-16F7-4668-BE54-9A1E7A4F7556}") = "25-Interfaces", "25-Interfaces\25-Interfaces.csproj", "{B7199C06-9F97-45F6-BFBD-48478FAF4042}"
EndProject
Project("{9A19103F-16F7-4668-BE54-9A1E7A4F7556}") = "26-InterfacesDemo", "26-InterfacesDemo\26-InterfacesDemo.csproj", "{EB5C9711-E95B-419A-AC26-BE2F2C92B31E}"
EndProject
Project("{9A19103F-16F7-4668-BE54-9A1E7A4F7556}") = "27-Inheritance", "27-Inheritance\27-Inheritance.csproj", "{5A6C4A33-D9D1-491F-8029-161A4B40B712}"
EndProject
Project("{9A19103F-16F7-4668-BE54-9A1E7A4F7556}") = "28-Interfaces", "28-Interfaces\28-Interfaces.csproj", "{63894878-9D12-48AC-9B5E-C31EE51A5B16}"
EndProject
Project("{9A19103F-16F7-4668-BE54-9A1E7A4F7556}") = "29-AbstractClass", "29-AbstractClass\29-AbstractClass.csproj", "{E018A2CC-B335-4EF1-AE6A-160EB60D43B8}"
EndProject
Project("{9A19103F-16F7-4668-BE54-9A1E7A4F7556}") = "30-InterfaceAbstractDemo", "30-InterfaceAbstractDemo\30-InterfaceAbstractDemo.csproj", "{4F42EC46-123D-4AA9-B52D-44A88282D01A}"
EndProject
Project("{9A19103F-16F7-4668-BE54-9A1E7A4F7556}") = "31-GameProject", "31-GameProject\31-GameProject.csproj", "{0C578F8D-0959-4148-B139-FE0C20EA4DD1}"
EndProject
Project("{FAE04EC0-301F-11D3-BF4B-00C04F79EFBC}") = "32-LinqProject", "32-Linq\32-LinqProject.csproj", "{199ED817-8333-4761-9C48-FD03FC511431}"
EndProject
Global
	GlobalSection(SolutionConfigurationPlatforms) = preSolution
		Debug|Any CPU = Debug|Any CPU
		Release|Any CPU = Release|Any CPU
	EndGlobalSection
	GlobalSection(ProjectConfigurationPlatforms) = postSolution
		{22254BB2-F9EC-44EA-8CB0-7035138F879B}.Debug|Any CPU.ActiveCfg = Debug|Any CPU
		{22254BB2-F9EC-44EA-8CB0-7035138F879B}.Debug|Any CPU.Build.0 = Debug|Any CPU
		{22254BB2-F9EC-44EA-8CB0-7035138F879B}.Release|Any CPU.ActiveCfg = Release|Any CPU
		{22254BB2-F9EC-44EA-8CB0-7035138F879B}.Release|Any CPU.Build.0 = Release|Any CPU
		{E835D2C8-57B9-4036-8532-AF2645377ACF}.Debug|Any CPU.ActiveCfg = Debug|Any CPU
		{E835D2C8-57B9-4036-8532-AF2645377ACF}.Debug|Any CPU.Build.0 = Debug|Any CPU
		{E835D2C8-57B9-4036-8532-AF2645377ACF}.Release|Any CPU.ActiveCfg = Release|Any CPU
		{E835D2C8-57B9-4036-8532-AF2645377ACF}.Release|Any CPU.Build.0 = Release|Any CPU
		{C0C5CE94-56D5-4BC9-8483-A4A7B4E76E5C}.Debug|Any CPU.ActiveCfg = Debug|Any CPU
		{C0C5CE94-56D5-4BC9-8483-A4A7B4E76E5C}.Debug|Any CPU.Build.0 = Debug|Any CPU
		{C0C5CE94-56D5-4BC9-8483-A4A7B4E76E5C}.Release|Any CPU.ActiveCfg = Release|Any CPU
		{C0C5CE94-56D5-4BC9-8483-A4A7B4E76E5C}.Release|Any CPU.Build.0 = Release|Any CPU
		{BD4A96CA-7D51-43A3-BA54-7B6A5C0F7CAD}.Debug|Any CPU.ActiveCfg = Debug|Any CPU
		{BD4A96CA-7D51-43A3-BA54-7B6A5C0F7CAD}.Debug|Any CPU.Build.0 = Debug|Any CPU
		{BD4A96CA-7D51-43A3-BA54-7B6A5C0F7CAD}.Release|Any CPU.ActiveCfg = Release|Any CPU
		{BD4A96CA-7D51-43A3-BA54-7B6A5C0F7CAD}.Release|Any CPU.Build.0 = Release|Any CPU
		{318548A4-16D9-4A7A-9713-A8AE74A44709}.Debug|Any CPU.ActiveCfg = Debug|Any CPU
		{318548A4-16D9-4A7A-9713-A8AE74A44709}.Debug|Any CPU.Build.0 = Debug|Any CPU
		{318548A4-16D9-4A7A-9713-A8AE74A44709}.Release|Any CPU.ActiveCfg = Release|Any CPU
		{318548A4-16D9-4A7A-9713-A8AE74A44709}.Release|Any CPU.Build.0 = Release|Any CPU
		{1CFE7309-4CA5-4132-800E-B8E2DEA8125A}.Debug|Any CPU.ActiveCfg = Debug|Any CPU
		{1CFE7309-4CA5-4132-800E-B8E2DEA8125A}.Debug|Any CPU.Build.0 = Debug|Any CPU
		{1CFE7309-4CA5-4132-800E-B8E2DEA8125A}.Release|Any CPU.ActiveCfg = Release|Any CPU
		{1CFE7309-4CA5-4132-800E-B8E2DEA8125A}.Release|Any CPU.Build.0 = Release|Any CPU
		{0655DBD0-C0FB-4574-953A-49037D810B63}.Debug|Any CPU.ActiveCfg = Debug|Any CPU
		{0655DBD0-C0FB-4574-953A-49037D810B63}.Debug|Any CPU.Build.0 = Debug|Any CPU
		{0655DBD0-C0FB-4574-953A-49037D810B63}.Release|Any CPU.ActiveCfg = Release|Any CPU
		{0655DBD0-C0FB-4574-953A-49037D810B63}.Release|Any CPU.Build.0 = Release|Any CPU
		{AE0D6DA5-37F3-409C-8099-2F3FC0830FD9}.Debug|Any CPU.ActiveCfg = Debug|Any CPU
		{AE0D6DA5-37F3-409C-8099-2F3FC0830FD9}.Debug|Any CPU.Build.0 = Debug|Any CPU
		{AE0D6DA5-37F3-409C-8099-2F3FC0830FD9}.Release|Any CPU.ActiveCfg = Release|Any CPU
		{AE0D6DA5-37F3-409C-8099-2F3FC0830FD9}.Release|Any CPU.Build.0 = Release|Any CPU
		{625C542A-A644-434E-B6E9-DCA6B377BE0E}.Debug|Any CPU.ActiveCfg = Debug|Any CPU
		{625C542A-A644-434E-B6E9-DCA6B377BE0E}.Debug|Any CPU.Build.0 = Debug|Any CPU
		{625C542A-A644-434E-B6E9-DCA6B377BE0E}.Release|Any CPU.ActiveCfg = Release|Any CPU
		{625C542A-A644-434E-B6E9-DCA6B377BE0E}.Release|Any CPU.Build.0 = Release|Any CPU
		{C12CE625-2CF5-467B-B93C-66EF94D78322}.Debug|Any CPU.ActiveCfg = Debug|Any CPU
		{C12CE625-2CF5-467B-B93C-66EF94D78322}.Debug|Any CPU.Build.0 = Debug|Any CPU
		{C12CE625-2CF5-467B-B93C-66EF94D78322}.Release|Any CPU.ActiveCfg = Release|Any CPU
		{C12CE625-2CF5-467B-B93C-66EF94D78322}.Release|Any CPU.Build.0 = Release|Any CPU
		{2E0072B7-551D-48DF-8963-11DDA9586FFE}.Debug|Any CPU.ActiveCfg = Debug|Any CPU
		{2E0072B7-551D-48DF-8963-11DDA9586FFE}.Debug|Any CPU.Build.0 = Debug|Any CPU
		{2E0072B7-551D-48DF-8963-11DDA9586FFE}.Release|Any CPU.ActiveCfg = Release|Any CPU
		{2E0072B7-551D-48DF-8963-11DDA9586FFE}.Release|Any CPU.Build.0 = Release|Any CPU
		{ACAB7D3D-E4B5-44F9-B88D-6237312DF16B}.Debug|Any CPU.ActiveCfg = Debug|Any CPU
		{ACAB7D3D-E4B5-44F9-B88D-6237312DF16B}.Debug|Any CPU.Build.0 = Debug|Any CPU
		{ACAB7D3D-E4B5-44F9-B88D-6237312DF16B}.Release|Any CPU.ActiveCfg = Release|Any CPU
		{ACAB7D3D-E4B5-44F9-B88D-6237312DF16B}.Release|Any CPU.Build.0 = Release|Any CPU
		{73A1D245-ED01-4D6F-84C3-B626970B9A66}.Debug|Any CPU.ActiveCfg = Debug|Any CPU
		{73A1D245-ED01-4D6F-84C3-B626970B9A66}.Debug|Any CPU.Build.0 = Debug|Any CPU
		{73A1D245-ED01-4D6F-84C3-B626970B9A66}.Release|Any CPU.ActiveCfg = Release|Any CPU
		{73A1D245-ED01-4D6F-84C3-B626970B9A66}.Release|Any CPU.Build.0 = Release|Any CPU
		{9F9F97A5-0CF5-4FAF-B80A-F30056A38A0D}.Debug|Any CPU.ActiveCfg = Debug|Any CPU
		{9F9F97A5-0CF5-4FAF-B80A-F30056A38A0D}.Debug|Any CPU.Build.0 = Debug|Any CPU
		{9F9F97A5-0CF5-4FAF-B80A-F30056A38A0D}.Release|Any CPU.ActiveCfg = Release|Any CPU
		{9F9F97A5-0CF5-4FAF-B80A-F30056A38A0D}.Release|Any CPU.Build.0 = Release|Any CPU
		{14D8DDB4-5EE5-4F9B-A5B8-8E63A8E15C3A}.Debug|Any CPU.ActiveCfg = Debug|Any CPU
		{14D8DDB4-5EE5-4F9B-A5B8-8E63A8E15C3A}.Debug|Any CPU.Build.0 = Debug|Any CPU
		{14D8DDB4-5EE5-4F9B-A5B8-8E63A8E15C3A}.Release|Any CPU.ActiveCfg = Release|Any CPU
		{14D8DDB4-5EE5-4F9B-A5B8-8E63A8E15C3A}.Release|Any CPU.Build.0 = Release|Any CPU
		{084D96EA-E244-458C-91FE-E6876E7DBA5A}.Debug|Any CPU.ActiveCfg = Debug|Any CPU
		{084D96EA-E244-458C-91FE-E6876E7DBA5A}.Debug|Any CPU.Build.0 = Debug|Any CPU
		{084D96EA-E244-458C-91FE-E6876E7DBA5A}.Release|Any CPU.ActiveCfg = Release|Any CPU
		{084D96EA-E244-458C-91FE-E6876E7DBA5A}.Release|Any CPU.Build.0 = Release|Any CPU
		{A76F9B6B-E618-4305-9880-F305CCD8CDA3}.Debug|Any CPU.ActiveCfg = Debug|Any CPU
		{A76F9B6B-E618-4305-9880-F305CCD8CDA3}.Debug|Any CPU.Build.0 = Debug|Any CPU
		{A76F9B6B-E618-4305-9880-F305CCD8CDA3}.Release|Any CPU.ActiveCfg = Release|Any CPU
		{A76F9B6B-E618-4305-9880-F305CCD8CDA3}.Release|Any CPU.Build.0 = Release|Any CPU
		{0D607E25-6A5B-4941-B9E6-4BCDE1555F9A}.Debug|Any CPU.ActiveCfg = Debug|Any CPU
		{0D607E25-6A5B-4941-B9E6-4BCDE1555F9A}.Debug|Any CPU.Build.0 = Debug|Any CPU
		{0D607E25-6A5B-4941-B9E6-4BCDE1555F9A}.Release|Any CPU.ActiveCfg = Release|Any CPU
		{0D607E25-6A5B-4941-B9E6-4BCDE1555F9A}.Release|Any CPU.Build.0 = Release|Any CPU
		{CC706107-C5E9-48F2-84E5-B6D6DCCABC1A}.Debug|Any CPU.ActiveCfg = Debug|Any CPU
		{CC706107-C5E9-48F2-84E5-B6D6DCCABC1A}.Debug|Any CPU.Build.0 = Debug|Any CPU
		{CC706107-C5E9-48F2-84E5-B6D6DCCABC1A}.Release|Any CPU.ActiveCfg = Release|Any CPU
		{CC706107-C5E9-48F2-84E5-B6D6DCCABC1A}.Release|Any CPU.Build.0 = Release|Any CPU
		{6F69C860-3583-4F03-BA2E-A675924E74CC}.Debug|Any CPU.ActiveCfg = Debug|Any CPU
		{6F69C860-3583-4F03-BA2E-A675924E74CC}.Debug|Any CPU.Build.0 = Debug|Any CPU
		{6F69C860-3583-4F03-BA2E-A675924E74CC}.Release|Any CPU.ActiveCfg = Release|Any CPU
		{6F69C860-3583-4F03-BA2E-A675924E74CC}.Release|Any CPU.Build.0 = Release|Any CPU
		{8E99AC57-9630-4CCE-BC7B-48F7D0F80168}.Debug|Any CPU.ActiveCfg = Debug|Any CPU
		{8E99AC57-9630-4CCE-BC7B-48F7D0F80168}.Debug|Any CPU.Build.0 = Debug|Any CPU
		{8E99AC57-9630-4CCE-BC7B-48F7D0F80168}.Release|Any CPU.ActiveCfg = Release|Any CPU
		{8E99AC57-9630-4CCE-BC7B-48F7D0F80168}.Release|Any CPU.Build.0 = Release|Any CPU
		{2C5C8886-D248-4F1D-807E-F0740885FB56}.Debug|Any CPU.ActiveCfg = Debug|Any CPU
		{2C5C8886-D248-4F1D-807E-F0740885FB56}.Debug|Any CPU.Build.0 = Debug|Any CPU
		{2C5C8886-D248-4F1D-807E-F0740885FB56}.Release|Any CPU.ActiveCfg = Release|Any CPU
		{2C5C8886-D248-4F1D-807E-F0740885FB56}.Release|Any CPU.Build.0 = Release|Any CPU
		{FB8D01E2-23FA-4B44-926E-FBA18FC96B71}.Debug|Any CPU.ActiveCfg = Debug|Any CPU
		{FB8D01E2-23FA-4B44-926E-FBA18FC96B71}.Debug|Any CPU.Build.0 = Debug|Any CPU
		{FB8D01E2-23FA-4B44-926E-FBA18FC96B71}.Release|Any CPU.ActiveCfg = Release|Any CPU
		{FB8D01E2-23FA-4B44-926E-FBA18FC96B71}.Release|Any CPU.Build.0 = Release|Any CPU
		{28AFE31E-CCA5-4DB6-A060-568CD48A3BB7}.Debug|Any CPU.ActiveCfg = Debug|Any CPU
		{28AFE31E-CCA5-4DB6-A060-568CD48A3BB7}.Debug|Any CPU.Build.0 = Debug|Any CPU
		{28AFE31E-CCA5-4DB6-A060-568CD48A3BB7}.Release|Any CPU.ActiveCfg = Release|Any CPU
		{28AFE31E-CCA5-4DB6-A060-568CD48A3BB7}.Release|Any CPU.Build.0 = Release|Any CPU
		{B7199C06-9F97-45F6-BFBD-48478FAF4042}.Debug|Any CPU.ActiveCfg = Debug|Any CPU
		{B7199C06-9F97-45F6-BFBD-48478FAF4042}.Debug|Any CPU.Build.0 = Debug|Any CPU
		{B7199C06-9F97-45F6-BFBD-48478FAF4042}.Release|Any CPU.ActiveCfg = Release|Any CPU
		{B7199C06-9F97-45F6-BFBD-48478FAF4042}.Release|Any CPU.Build.0 = Release|Any CPU
		{EB5C9711-E95B-419A-AC26-BE2F2C92B31E}.Debug|Any CPU.ActiveCfg = Debug|Any CPU
		{EB5C9711-E95B-419A-AC26-BE2F2C92B31E}.Debug|Any CPU.Build.0 = Debug|Any CPU
		{EB5C9711-E95B-419A-AC26-BE2F2C92B31E}.Release|Any CPU.ActiveCfg = Release|Any CPU
		{EB5C9711-E95B-419A-AC26-BE2F2C92B31E}.Release|Any CPU.Build.0 = Release|Any CPU
		{5A6C4A33-D9D1-491F-8029-161A4B40B712}.Debug|Any CPU.ActiveCfg = Debug|Any CPU
		{5A6C4A33-D9D1-491F-8029-161A4B40B712}.Debug|Any CPU.Build.0 = Debug|Any CPU
		{5A6C4A33-D9D1-491F-8029-161A4B40B712}.Release|Any CPU.ActiveCfg = Release|Any CPU
		{5A6C4A33-D9D1-491F-8029-161A4B40B712}.Release|Any CPU.Build.0 = Release|Any CPU
		{63894878-9D12-48AC-9B5E-C31EE51A5B16}.Debug|Any CPU.ActiveCfg = Debug|Any CPU
		{63894878-9D12-48AC-9B5E-C31EE51A5B16}.Debug|Any CPU.Build.0 = Debug|Any CPU
		{63894878-9D12-48AC-9B5E-C31EE51A5B16}.Release|Any CPU.ActiveCfg = Release|Any CPU
		{63894878-9D12-48AC-9B5E-C31EE51A5B16}.Release|Any CPU.Build.0 = Release|Any CPU
		{E018A2CC-B335-4EF1-AE6A-160EB60D43B8}.Debug|Any CPU.ActiveCfg = Debug|Any CPU
		{E018A2CC-B335-4EF1-AE6A-160EB60D43B8}.Debug|Any CPU.Build.0 = Debug|Any CPU
		{E018A2CC-B335-4EF1-AE6A-160EB60D43B8}.Release|Any CPU.ActiveCfg = Release|Any CPU
		{E018A2CC-B335-4EF1-AE6A-160EB60D43B8}.Release|Any CPU.Build.0 = Release|Any CPU
		{4F42EC46-123D-4AA9-B52D-44A88282D01A}.Debug|Any CPU.ActiveCfg = Debug|Any CPU
		{4F42EC46-123D-4AA9-B52D-44A88282D01A}.Debug|Any CPU.Build.0 = Debug|Any CPU
		{4F42EC46-123D-4AA9-B52D-44A88282D01A}.Release|Any CPU.ActiveCfg = Release|Any CPU
		{4F42EC46-123D-4AA9-B52D-44A88282D01A}.Release|Any CPU.Build.0 = Release|Any CPU
		{0C578F8D-0959-4148-B139-FE0C20EA4DD1}.Debug|Any CPU.ActiveCfg = Debug|Any CPU
		{0C578F8D-0959-4148-B139-FE0C20EA4DD1}.Debug|Any CPU.Build.0 = Debug|Any CPU
		{0C578F8D-0959-4148-B139-FE0C20EA4DD1}.Release|Any CPU.ActiveCfg = Release|Any CPU
		{0C578F8D-0959-4148-B139-FE0C20EA4DD1}.Release|Any CPU.Build.0 = Release|Any CPU
		{199ED817-8333-4761-9C48-FD03FC511431}.Debug|Any CPU.ActiveCfg = Debug|Any CPU
		{199ED817-8333-4761-9C48-FD03FC511431}.Debug|Any CPU.Build.0 = Debug|Any CPU
		{199ED817-8333-4761-9C48-FD03FC511431}.Release|Any CPU.ActiveCfg = Release|Any CPU
		{199ED817-8333-4761-9C48-FD03FC511431}.Release|Any CPU.Build.0 = Release|Any CPU
	EndGlobalSection
	GlobalSection(SolutionProperties) = preSolution
		HideSolutionNode = FALSE
	EndGlobalSection
	GlobalSection(ExtensibilityGlobals) = postSolution
		SolutionGuid = {A8A2C349-96A6-4C3B-AEF0-B196D4831F7A}
	EndGlobalSection
EndGlobal
